// !$*UTF8*$!
{
	archiveVersion = 1;
	classes = {
	};
	objectVersion = 50;
	objects = {

/* Begin PBXBuildFile section */
		2C0770012782C7230010D783 /* Utils.swift in Sources */ = {isa = PBXBuildFile; fileRef = 2C0770002782C7230010D783 /* Utils.swift */; };
		2C0770032782C8A70010D783 /* Localizable.strings in Resources */ = {isa = PBXBuildFile; fileRef = 2C0770022782C8A70010D783 /* Localizable.strings */; };
		2C0770062782C97A0010D783 /* CodingStyle.xcdatamodeld in Sources */ = {isa = PBXBuildFile; fileRef = 2C0770042782C97A0010D783 /* CodingStyle.xcdatamodeld */; };
		2C815F4022C065D2001458E9 /* BookDetailViewController.swift in Sources */ = {isa = PBXBuildFile; fileRef = 2C815F3F22C065D2001458E9 /* BookDetailViewController.swift */; };
		2C815F4222C07533001458E9 /* BookTableViewCell.swift in Sources */ = {isa = PBXBuildFile; fileRef = 2C815F4122C07533001458E9 /* BookTableViewCell.swift */; };
		2C8D66EC22A27FEE00761CB3 /* AppDelegate.swift in Sources */ = {isa = PBXBuildFile; fileRef = 2C8D66EB22A27FEE00761CB3 /* AppDelegate.swift */; };
		2C8D66EE22A27FEE00761CB3 /* CaculatorBookListViewController.swift in Sources */ = {isa = PBXBuildFile; fileRef = 2C8D66ED22A27FEE00761CB3 /* CaculatorBookListViewController.swift */; };
		2C8D66F122A27FEE00761CB3 /* Main.storyboard in Resources */ = {isa = PBXBuildFile; fileRef = 2C8D66EF22A27FEE00761CB3 /* Main.storyboard */; };
		2C8D66F322A27FEF00761CB3 /* Images.xcassets in Resources */ = {isa = PBXBuildFile; fileRef = 2C8D66F222A27FEF00761CB3 /* Images.xcassets */; };
		2C8D66F622A27FEF00761CB3 /* LaunchScreen.storyboard in Resources */ = {isa = PBXBuildFile; fileRef = 2C8D66F422A27FEF00761CB3 /* LaunchScreen.storyboard */; };
		2C8D66FE22A28D4E00761CB3 /* Constants.swift in Sources */ = {isa = PBXBuildFile; fileRef = 2C8D66FD22A28D4E00761CB3 /* Constants.swift */; };
		2C8D670922A28F3200761CB3 /* Book.swift in Sources */ = {isa = PBXBuildFile; fileRef = 2C8D670822A28F3200761CB3 /* Book.swift */; };
		2C8D670B22A2901000761CB3 /* BookManager.swift in Sources */ = {isa = PBXBuildFile; fileRef = 2C8D670A22A2901000761CB3 /* BookManager.swift */; };
		2CFB693A2782AAE600B39D09 /* String+Extension.swift in Sources */ = {isa = PBXBuildFile; fileRef = 2CFB69392782AAE600B39D09 /* String+Extension.swift */; };
		2CFB693E2782ABE800B39D09 /* SearchViewController.swift in Sources */ = {isa = PBXBuildFile; fileRef = 2CFB693D2782ABE800B39D09 /* SearchViewController.swift */; };
/* End PBXBuildFile section */

/* Begin PBXFileReference section */
		2C0770002782C7230010D783 /* Utils.swift */ = {isa = PBXFileReference; lastKnownFileType = sourcecode.swift; path = Utils.swift; sourceTree = "<group>"; };
		2C0770022782C8A70010D783 /* Localizable.strings */ = {isa = PBXFileReference; lastKnownFileType = text.plist.strings; path = Localizable.strings; sourceTree = "<group>"; };
		2C0770052782C97A0010D783 /* CodingStyle.xcdatamodel */ = {isa = PBXFileReference; lastKnownFileType = wrapper.xcdatamodel; path = CodingStyle.xcdatamodel; sourceTree = "<group>"; };
		2C0770072782CAB70010D783 /* SwiftCodingStyle.entitlements */ = {isa = PBXFileReference; lastKnownFileType = text.plist.entitlements; path = SwiftCodingStyle.entitlements; sourceTree = "<group>"; };
		2C815F3F22C065D2001458E9 /* BookDetailViewController.swift */ = {isa = PBXFileReference; lastKnownFileType = sourcecode.swift; path = BookDetailViewController.swift; sourceTree = "<group>"; };
		2C815F4122C07533001458E9 /* BookTableViewCell.swift */ = {isa = PBXFileReference; lastKnownFileType = sourcecode.swift; path = BookTableViewCell.swift; sourceTree = "<group>"; };
		2C8D66E822A27FEE00761CB3 /* SwiftCodingStyleSample.app */ = {isa = PBXFileReference; explicitFileType = wrapper.application; includeInIndex = 0; path = SwiftCodingStyleSample.app; sourceTree = BUILT_PRODUCTS_DIR; };
		2C8D66EB22A27FEE00761CB3 /* AppDelegate.swift */ = {isa = PBXFileReference; lastKnownFileType = sourcecode.swift; path = AppDelegate.swift; sourceTree = "<group>"; };
		2C8D66ED22A27FEE00761CB3 /* CaculatorBookListViewController.swift */ = {isa = PBXFileReference; lastKnownFileType = sourcecode.swift; path = CaculatorBookListViewController.swift; sourceTree = "<group>"; };
		2C8D66F022A27FEE00761CB3 /* Base */ = {isa = PBXFileReference; lastKnownFileType = file.storyboard; name = Base; path = Base.lproj/Main.storyboard; sourceTree = "<group>"; };
		2C8D66F222A27FEF00761CB3 /* Images.xcassets */ = {isa = PBXFileReference; lastKnownFileType = folder.assetcatalog; path = Images.xcassets; sourceTree = "<group>"; };
		2C8D66F522A27FEF00761CB3 /* Base */ = {isa = PBXFileReference; lastKnownFileType = file.storyboard; name = Base; path = Base.lproj/LaunchScreen.storyboard; sourceTree = "<group>"; };
		2C8D66F722A27FEF00761CB3 /* Info.plist */ = {isa = PBXFileReference; lastKnownFileType = text.plist.xml; path = Info.plist; sourceTree = "<group>"; };
		2C8D66FD22A28D4E00761CB3 /* Constants.swift */ = {isa = PBXFileReference; lastKnownFileType = sourcecode.swift; path = Constants.swift; sourceTree = "<group>"; };
		2C8D670822A28F3200761CB3 /* Book.swift */ = {isa = PBXFileReference; lastKnownFileType = sourcecode.swift; path = Book.swift; sourceTree = "<group>"; };
		2C8D670A22A2901000761CB3 /* BookManager.swift */ = {isa = PBXFileReference; lastKnownFileType = sourcecode.swift; path = BookManager.swift; sourceTree = "<group>"; };
		2CFB69392782AAE600B39D09 /* String+Extension.swift */ = {isa = PBXFileReference; lastKnownFileType = sourcecode.swift; path = "String+Extension.swift"; sourceTree = "<group>"; };
		2CFB693D2782ABE800B39D09 /* SearchViewController.swift */ = {isa = PBXFileReference; lastKnownFileType = sourcecode.swift; path = SearchViewController.swift; sourceTree = "<group>"; };
/* End PBXFileReference section */

/* Begin PBXFrameworksBuildPhase section */
		2C8D66E522A27FEE00761CB3 /* Frameworks */ = {
			isa = PBXFrameworksBuildPhase;
			buildActionMask = 2147483647;
			files = (
			);
			runOnlyForDeploymentPostprocessing = 0;
		};
/* End PBXFrameworksBuildPhase section */

/* Begin PBXGroup section */
		2C8D66DF22A27FEE00761CB3 = {
			isa = PBXGroup;
			children = (
				2C8D66EA22A27FEE00761CB3 /* SwiftCodingStyleSample */,
				2C8D66E922A27FEE00761CB3 /* Products */,
			);
			sourceTree = "<group>";
		};
		2C8D66E922A27FEE00761CB3 /* Products */ = {
			isa = PBXGroup;
			children = (
				2C8D66E822A27FEE00761CB3 /* SwiftCodingStyleSample.app */,
			);
			name = Products;
			sourceTree = "<group>";
		};
		2C8D66EA22A27FEE00761CB3 /* SwiftCodingStyleSample */ = {
			isa = PBXGroup;
			children = (
				2C8D66EB22A27FEE00761CB3 /* AppDelegate.swift */,
				2C8D670422A28E8000761CB3 /* Storyboard */,
				2C8D66FF22A28E1F00761CB3 /* ViewController */,
				2C8D670122A28E3000761CB3 /* View */,
				2C8D670022A28E2900761CB3 /* Model */,
				2C8D670222A28E3600761CB3 /* Manager */,
				2C8D670622A28ECE00761CB3 /* Utility */,
				2C8D670522A28EAE00761CB3 /* Extension */,
				2C8D670322A28E5D00761CB3 /* Resources */,
				2CFB69372782AA3700B39D09 /* SupportingFiles */,
			);
			path = SwiftCodingStyleSample;
			sourceTree = "<group>";
		};
		2C8D66FF22A28E1F00761CB3 /* ViewController */ = {
			isa = PBXGroup;
			children = (
				2CFB693B2782AB7F00B39D09 /* Book */,
				2CFB693C2782ABBD00B39D09 /* Search */,
			);
			path = ViewController;
			sourceTree = "<group>";
		};
		2C8D670022A28E2900761CB3 /* Model */ = {
			isa = PBXGroup;
			children = (
				2C8D670822A28F3200761CB3 /* Book.swift */,
			);
			path = Model;
			sourceTree = "<group>";
		};
		2C8D670122A28E3000761CB3 /* View */ = {
			isa = PBXGroup;
			children = (
				2C815F4122C07533001458E9 /* BookTableViewCell.swift */,
			);
			path = View;
			sourceTree = "<group>";
		};
		2C8D670222A28E3600761CB3 /* Manager */ = {
			isa = PBXGroup;
			children = (
				2C8D670A22A2901000761CB3 /* BookManager.swift */,
			);
			path = Manager;
			sourceTree = "<group>";
		};
		2C8D670322A28E5D00761CB3 /* Resources */ = {
			isa = PBXGroup;
			children = (
				2C8D66F222A27FEF00761CB3 /* Images.xcassets */,
				2C0770022782C8A70010D783 /* Localizable.strings */,
				2C0770042782C97A0010D783 /* CodingStyle.xcdatamodeld */,
			);
			path = Resources;
			sourceTree = "<group>";
		};
		2C8D670422A28E8000761CB3 /* Storyboard */ = {
			isa = PBXGroup;
			children = (
				2C8D66F422A27FEF00761CB3 /* LaunchScreen.storyboard */,
				2C8D66EF22A27FEE00761CB3 /* Main.storyboard */,
			);
			path = Storyboard;
			sourceTree = "<group>";
		};
		2C8D670522A28EAE00761CB3 /* Extension */ = {
			isa = PBXGroup;
			children = (
				2CFB69392782AAE600B39D09 /* String+Extension.swift */,
			);
			path = Extension;
			sourceTree = "<group>";
		};
		2C8D670622A28ECE00761CB3 /* Utility */ = {
			isa = PBXGroup;
			children = (
				2C0770002782C7230010D783 /* Utils.swift */,
				2C8D66FD22A28D4E00761CB3 /* Constants.swift */,
			);
			path = Utility;
			sourceTree = "<group>";
		};
		2CFB69372782AA3700B39D09 /* SupportingFiles */ = {
			isa = PBXGroup;
			children = (
				2C8D66F722A27FEF00761CB3 /* Info.plist */,
				2C0770072782CAB70010D783 /* SwiftCodingStyle.entitlements */,
			);
			path = SupportingFiles;
			sourceTree = "<group>";
		};
		2CFB693B2782AB7F00B39D09 /* Book */ = {
			isa = PBXGroup;
			children = (
				2C8D66ED22A27FEE00761CB3 /* CaculatorBookListViewController.swift */,
				2C815F3F22C065D2001458E9 /* BookDetailViewController.swift */,
			);
			path = Book;
			sourceTree = "<group>";
		};
		2CFB693C2782ABBD00B39D09 /* Search */ = {
			isa = PBXGroup;
			children = (
				2CFB693D2782ABE800B39D09 /* SearchViewController.swift */,
			);
			path = Search;
			sourceTree = "<group>";
		};
/* End PBXGroup section */

/* Begin PBXNativeTarget section */
		2C8D66E722A27FEE00761CB3 /* SwiftCodingStyleSample */ = {
			isa = PBXNativeTarget;
			buildConfigurationList = 2C8D66FA22A27FEF00761CB3 /* Build configuration list for PBXNativeTarget "SwiftCodingStyleSample" */;
			buildPhases = (
				2C8D66E422A27FEE00761CB3 /* Sources */,
				2C8D66E522A27FEE00761CB3 /* Frameworks */,
				2C8D66E622A27FEE00761CB3 /* Resources */,
			);
			buildRules = (
			);
			dependencies = (
			);
			name = SwiftCodingStyleSample;
			productName = SwiftCodingStyleSample;
			productReference = 2C8D66E822A27FEE00761CB3 /* SwiftCodingStyleSample.app */;
			productType = "com.apple.product-type.application";
		};
/* End PBXNativeTarget section */

/* Begin PBXProject section */
		2C8D66E022A27FEE00761CB3 /* Project object */ = {
			isa = PBXProject;
			attributes = {
				LastSwiftUpdateCheck = 1020;
				LastUpgradeCheck = 1020;
				ORGANIZATIONNAME = "Kerry Dong";
				TargetAttributes = {
					2C8D66E722A27FEE00761CB3 = {
						CreatedOnToolsVersion = 10.2.1;
					};
				};
			};
			buildConfigurationList = 2C8D66E322A27FEE00761CB3 /* Build configuration list for PBXProject "SwiftCodingStyleSample" */;
			compatibilityVersion = "Xcode 9.3";
			developmentRegion = en;
			hasScannedForEncodings = 0;
			knownRegions = (
				en,
				Base,
			);
			mainGroup = 2C8D66DF22A27FEE00761CB3;
			productRefGroup = 2C8D66E922A27FEE00761CB3 /* Products */;
			projectDirPath = "";
			projectRoot = "";
			targets = (
				2C8D66E722A27FEE00761CB3 /* SwiftCodingStyleSample */,
			);
		};
/* End PBXProject section */

/* Begin PBXResourcesBuildPhase section */
		2C8D66E622A27FEE00761CB3 /* Resources */ = {
			isa = PBXResourcesBuildPhase;
			buildActionMask = 2147483647;
			files = (
				2C8D66F622A27FEF00761CB3 /* LaunchScreen.storyboard in Resources */,
				2C0770032782C8A70010D783 /* Localizable.strings in Resources */,
				2C8D66F322A27FEF00761CB3 /* Images.xcassets in Resources */,
				2C8D66F122A27FEE00761CB3 /* Main.storyboard in Resources */,
			);
			runOnlyForDeploymentPostprocessing = 0;
		};
/* End PBXResourcesBuildPhase section */

/* Begin PBXSourcesBuildPhase section */
		2C8D66E422A27FEE00761CB3 /* Sources */ = {
			isa = PBXSourcesBuildPhase;
			buildActionMask = 2147483647;
			files = (
				2CFB693A2782AAE600B39D09 /* String+Extension.swift in Sources */,
				2C8D670922A28F3200761CB3 /* Book.swift in Sources */,
				2C0770062782C97A0010D783 /* CodingStyle.xcdatamodeld in Sources */,
				2C8D66EE22A27FEE00761CB3 /* CaculatorBookListViewController.swift in Sources */,
				2CFB693E2782ABE800B39D09 /* SearchViewController.swift in Sources */,
				2C815F4022C065D2001458E9 /* BookDetailViewController.swift in Sources */,
				2C0770012782C7230010D783 /* Utils.swift in Sources */,
				2C8D66EC22A27FEE00761CB3 /* AppDelegate.swift in Sources */,
				2C815F4222C07533001458E9 /* BookTableViewCell.swift in Sources */,
				2C8D670B22A2901000761CB3 /* BookManager.swift in Sources */,
				2C8D66FE22A28D4E00761CB3 /* Constants.swift in Sources */,
			);
			runOnlyForDeploymentPostprocessing = 0;
		};
/* End PBXSourcesBuildPhase section */

/* Begin PBXVariantGroup section */
		2C8D66EF22A27FEE00761CB3 /* Main.storyboard */ = {
			isa = PBXVariantGroup;
			children = (
				2C8D66F022A27FEE00761CB3 /* Base */,
			);
			name = Main.storyboard;
			sourceTree = "<group>";
		};
		2C8D66F422A27FEF00761CB3 /* LaunchScreen.storyboard */ = {
			isa = PBXVariantGroup;
			children = (
				2C8D66F522A27FEF00761CB3 /* Base */,
			);
			name = LaunchScreen.storyboard;
			sourceTree = "<group>";
		};
/* End PBXVariantGroup section */

/* Begin XCBuildConfiguration section */
		2C8D66F822A27FEF00761CB3 /* Debug */ = {
			isa = XCBuildConfiguration;
			buildSettings = {
				ALWAYS_SEARCH_USER_PATHS = NO;
				CLANG_ANALYZER_LOCALIZABILITY_NONLOCALIZED = YES;
				CLANG_ANALYZER_NONNULL = YES;
				CLANG_ANALYZER_NUMBER_OBJECT_CONVERSION = YES_AGGRESSIVE;
				CLANG_CXX_LANGUAGE_STANDARD = "gnu++14";
				CLANG_CXX_LIBRARY = "libc++";
				CLANG_ENABLE_MODULES = YES;
				CLANG_ENABLE_OBJC_ARC = YES;
				CLANG_ENABLE_OBJC_WEAK = YES;
				CLANG_WARN_BLOCK_CAPTURE_AUTORELEASING = YES;
				CLANG_WARN_BOOL_CONVERSION = YES;
				CLANG_WARN_COMMA = YES;
				CLANG_WARN_CONSTANT_CONVERSION = YES;
				CLANG_WARN_DEPRECATED_OBJC_IMPLEMENTATIONS = YES;
				CLANG_WARN_DIRECT_OBJC_ISA_USAGE = YES_ERROR;
				CLANG_WARN_DOCUMENTATION_COMMENTS = YES;
				CLANG_WARN_EMPTY_BODY = YES;
				CLANG_WARN_ENUM_CONVERSION = YES;
				CLANG_WARN_INFINITE_RECURSION = YES;
				CLANG_WARN_INT_CONVERSION = YES;
				CLANG_WARN_NON_LITERAL_NULL_CONVERSION = YES;
				CLANG_WARN_OBJC_IMPLICIT_RETAIN_SELF = YES;
				CLANG_WARN_OBJC_LITERAL_CONVERSION = YES;
				CLANG_WARN_OBJC_ROOT_CLASS = YES_ERROR;
				CLANG_WARN_RANGE_LOOP_ANALYSIS = YES;
				CLANG_WARN_STRICT_PROTOTYPES = YES;
				CLANG_WARN_SUSPICIOUS_MOVE = YES;
				CLANG_WARN_UNGUARDED_AVAILABILITY = YES_AGGRESSIVE;
				CLANG_WARN_UNREACHABLE_CODE = YES;
				CLANG_WARN__DUPLICATE_METHOD_MATCH = YES;
				CODE_SIGN_IDENTITY = "iPhone Developer";
				COPY_PHASE_STRIP = NO;
				DEBUG_INFORMATION_FORMAT = dwarf;
				ENABLE_STRICT_OBJC_MSGSEND = YES;
				ENABLE_TESTABILITY = YES;
				GCC_C_LANGUAGE_STANDARD = gnu11;
				GCC_DYNAMIC_NO_PIC = NO;
				GCC_NO_COMMON_BLOCKS = YES;
				GCC_OPTIMIZATION_LEVEL = 0;
				GCC_PREPROCESSOR_DEFINITIONS = (
					"DEBUG=1",
					"$(inherited)",
				);
				GCC_WARN_64_TO_32_BIT_CONVERSION = YES;
				GCC_WARN_ABOUT_RETURN_TYPE = YES_ERROR;
				GCC_WARN_UNDECLARED_SELECTOR = YES;
				GCC_WARN_UNINITIALIZED_AUTOS = YES_AGGRESSIVE;
				GCC_WARN_UNUSED_FUNCTION = YES;
				GCC_WARN_UNUSED_VARIABLE = YES;
				IPHONEOS_DEPLOYMENT_TARGET = 12.2;
				MTL_ENABLE_DEBUG_INFO = INCLUDE_SOURCE;
				MTL_FAST_MATH = YES;
				ONLY_ACTIVE_ARCH = YES;
				SDKROOT = iphoneos;
				SWIFT_ACTIVE_COMPILATION_CONDITIONS = DEBUG;
				SWIFT_OPTIMIZATION_LEVEL = "-Onone";
			};
			name = Debug;
		};
		2C8D66F922A27FEF00761CB3 /* Release */ = {
			isa = XCBuildConfiguration;
			buildSettings = {
				ALWAYS_SEARCH_USER_PATHS = NO;
				CLANG_ANALYZER_LOCALIZABILITY_NONLOCALIZED = YES;
				CLANG_ANALYZER_NONNULL = YES;
				CLANG_ANALYZER_NUMBER_OBJECT_CONVERSION = YES_AGGRESSIVE;
				CLANG_CXX_LANGUAGE_STANDARD = "gnu++14";
				CLANG_CXX_LIBRARY = "libc++";
				CLANG_ENABLE_MODULES = YES;
				CLANG_ENABLE_OBJC_ARC = YES;
				CLANG_ENABLE_OBJC_WEAK = YES;
				CLANG_WARN_BLOCK_CAPTURE_AUTORELEASING = YES;
				CLANG_WARN_BOOL_CONVERSION = YES;
				CLANG_WARN_COMMA = YES;
				CLANG_WARN_CONSTANT_CONVERSION = YES;
				CLANG_WARN_DEPRECATED_OBJC_IMPLEMENTATIONS = YES;
				CLANG_WARN_DIRECT_OBJC_ISA_USAGE = YES_ERROR;
				CLANG_WARN_DOCUMENTATION_COMMENTS = YES;
				CLANG_WARN_EMPTY_BODY = YES;
				CLANG_WARN_ENUM_CONVERSION = YES;
				CLANG_WARN_INFINITE_RECURSION = YES;
				CLANG_WARN_INT_CONVERSION = YES;
				CLANG_WARN_NON_LITERAL_NULL_CONVERSION = YES;
				CLANG_WARN_OBJC_IMPLICIT_RETAIN_SELF = YES;
				CLANG_WARN_OBJC_LITERAL_CONVERSION = YES;
				CLANG_WARN_OBJC_ROOT_CLASS = YES_ERROR;
				CLANG_WARN_RANGE_LOOP_ANALYSIS = YES;
				CLANG_WARN_STRICT_PROTOTYPES = YES;
				CLANG_WARN_SUSPICIOUS_MOVE = YES;
				CLANG_WARN_UNGUARDED_AVAILABILITY = YES_AGGRESSIVE;
				CLANG_WARN_UNREACHABLE_CODE = YES;
				CLANG_WARN__DUPLICATE_METHOD_MATCH = YES;
				CODE_SIGN_IDENTITY = "iPhone Developer";
				COPY_PHASE_STRIP = NO;
				DEBUG_INFORMATION_FORMAT = "dwarf-with-dsym";
				ENABLE_NS_ASSERTIONS = NO;
				ENABLE_STRICT_OBJC_MSGSEND = YES;
				GCC_C_LANGUAGE_STANDARD = gnu11;
				GCC_NO_COMMON_BLOCKS = YES;
				GCC_WARN_64_TO_32_BIT_CONVERSION = YES;
				GCC_WARN_ABOUT_RETURN_TYPE = YES_ERROR;
				GCC_WARN_UNDECLARED_SELECTOR = YES;
				GCC_WARN_UNINITIALIZED_AUTOS = YES_AGGRESSIVE;
				GCC_WARN_UNUSED_FUNCTION = YES;
				GCC_WARN_UNUSED_VARIABLE = YES;
				IPHONEOS_DEPLOYMENT_TARGET = 12.2;
				MTL_ENABLE_DEBUG_INFO = NO;
				MTL_FAST_MATH = YES;
				SDKROOT = iphoneos;
				SWIFT_COMPILATION_MODE = wholemodule;
				SWIFT_OPTIMIZATION_LEVEL = "-O";
				VALIDATE_PRODUCT = YES;
			};
			name = Release;
		};
		2C8D66FB22A27FEF00761CB3 /* Debug */ = {
			isa = XCBuildConfiguration;
			buildSettings = {
				ASSETCATALOG_COMPILER_APPICON_NAME = AppIcon;
				CODE_SIGN_STYLE = Automatic;
				DEVELOPMENT_TEAM = P95Y9MMSSV;
				INFOPLIST_FILE = SwiftCodingStyleSample/Info.plist;
				LD_RUNPATH_SEARCH_PATHS = (
					"$(inherited)",
					"@executable_path/Frameworks",
				);
				PRODUCT_BUNDLE_IDENTIFIER = com.kerrydong.SwiftCodingStyleSample;
				PRODUCT_NAME = "$(TARGET_NAME)";
				SWIFT_VERSION = 5.0;
				TARGETED_DEVICE_FAMILY = "1,2";
			};
			name = Debug;
		};
		2C8D66FC22A27FEF00761CB3 /* Release */ = {
			isa = XCBuildConfiguration;
			buildSettings = {
				ASSETCATALOG_COMPILER_APPICON_NAME = AppIcon;
				CODE_SIGN_STYLE = Automatic;
				DEVELOPMENT_TEAM = P95Y9MMSSV;
				INFOPLIST_FILE = SwiftCodingStyleSample/Info.plist;
				LD_RUNPATH_SEARCH_PATHS = (
					"$(inherited)",
					"@executable_path/Frameworks",
				);
				PRODUCT_BUNDLE_IDENTIFIER = com.kerrydong.SwiftCodingStyleSample;
				PRODUCT_NAME = "$(TARGET_NAME)";
				SWIFT_VERSION = 5.0;
				TARGETED_DEVICE_FAMILY = "1,2";
			};
			name = Release;
		};
/* End XCBuildConfiguration section */

/* Begin XCConfigurationList section */
		2C8D66E322A27FEE00761CB3 /* Build configuration list for PBXProject "SwiftCodingStyleSample" */ = {
			isa = XCConfigurationList;
			buildConfigurations = (
				2C8D66F822A27FEF00761CB3 /* Debug */,
				2C8D66F922A27FEF00761CB3 /* Release */,
			);
			defaultConfigurationIsVisible = 0;
			defaultConfigurationName = Release;
		};
		2C8D66FA22A27FEF00761CB3 /* Build configuration list for PBXNativeTarget "SwiftCodingStyleSample" */ = {
			isa = XCConfigurationList;
			buildConfigurations = (
				2C8D66FB22A27FEF00761CB3 /* Debug */,
				2C8D66FC22A27FEF00761CB3 /* Release */,
			);
			defaultConfigurationIsVisible = 0;
			defaultConfigurationName = Release;
		};
/* End XCConfigurationList section */

/* Begin XCVersionGroup section */
		2C0770042782C97A0010D783 /* CodingStyle.xcdatamodeld */ = {
			isa = XCVersionGroup;
			children = (
				2C0770052782C97A0010D783 /* CodingStyle.xcdatamodel */,
			);
			currentVersion = 2C0770052782C97A0010D783 /* CodingStyle.xcdatamodel */;
			path = CodingStyle.xcdatamodeld;
			sourceTree = "<group>";
			versionGroupType = wrapper.xcdatamodel;
		};
/* End XCVersionGroup section */
	};
	rootObject = 2C8D66E022A27FEE00761CB3 /* Project object */;
}
